
Microsoft Visual Studio Solution File, Format Version 12.00
# Visual Studio 15
VisualStudioVersion = 15.0.28307.1267
MinimumVisualStudioVersion = 10.0.40219.1
Project("{FAE04EC0-301F-11D3-BF4B-00C04F79EFBC}") = "GameStore.Domain", "GameStore.Domain\GameStore.Domain.csproj", "{C829B734-FD2C-49CF-AC80-7E7752279919}"
EndProject
Project("{FAE04EC0-301F-11D3-BF4B-00C04F79EFBC}") = "GameStore.WebUI", "GameStore.WebUI\GameStore.WebUI.csproj", "{8969F28D-A84E-46C6-BB8F-FBC41BA480BE}"
EndProject
Project("{FAE04EC0-301F-11D3-BF4B-00C04F79EFBC}") = "GameStore.UnitTests", "GameStore.UnitTests\GameStore.UnitTests.csproj", "{82E5852E-74E8-480B-B1BB-30E34EA24837}"
EndProject
Global
	GlobalSection(SolutionConfigurationPlatforms) = preSolution
		Debug|Any CPU = Debug|Any CPU
		Release|Any CPU = Release|Any CPU
	EndGlobalSection
	GlobalSection(ProjectConfigurationPlatforms) = postSolution
		{C829B734-FD2C-49CF-AC80-7E7752279919}.Debug|Any CPU.ActiveCfg = Debug|Any CPU
		{C829B734-FD2C-49CF-AC80-7E7752279919}.Debug|Any CPU.Build.0 = Debug|Any CPU
		{C829B734-FD2C-49CF-AC80-7E7752279919}.Release|Any CPU.ActiveCfg = Release|Any CPU
		{C829B734-FD2C-49CF-AC80-7E7752279919}.Release|Any CPU.Build.0 = Release|Any CPU
		{8969F28D-A84E-46C6-BB8F-FBC41BA480BE}.Debug|Any CPU.ActiveCfg = Debug|Any CPU
		{8969F28D-A84E-46C6-BB8F-FBC41BA480BE}.Debug|Any CPU.Build.0 = Debug|Any CPU
		{8969F28D-A84E-46C6-BB8F-FBC41BA480BE}.Release|Any CPU.ActiveCfg = Release|Any CPU
		{8969F28D-A84E-46C6-BB8F-FBC41BA480BE}.Release|Any CPU.Build.0 = Release|Any CPU
		{82E5852E-74E8-480B-B1BB-30E34EA24837}.Debug|Any CPU.ActiveCfg = Debug|Any CPU
		{82E5852E-74E8-480B-B1BB-30E34EA24837}.Debug|Any CPU.Build.0 = Debug|Any CPU
		{82E5852E-74E8-480B-B1BB-30E34EA24837}.Release|Any CPU.ActiveCfg = Release|Any CPU
		{82E5852E-74E8-480B-B1BB-30E34EA24837}.Release|Any CPU.Build.0 = Release|Any CPU
	EndGlobalSection
	GlobalSection(SolutionProperties) = preSolution
		HideSolutionNode = FALSE
	EndGlobalSection
	GlobalSection(ExtensibilityGlobals) = postSolution
		SolutionGuid = {CD7BC44F-C293-4277-A495-B3B8AF6765A8}
	EndGlobalSection
EndGlobal
